
Microsoft Visual Studio Solution File, Format Version 12.00
# Visual Studio Version 16
VisualStudioVersion = 16.0.32602.291
MinimumVisualStudioVersion = 10.0.40219.1
Project("{FAE04EC0-301F-11D3-BF4B-00C04F79EFBC}") = "Task1", "Task1\Task1.csproj", "{E71EBCB3-F5B9-4383-90FC-A6CF3EBEA4BE}"
EndProject
Global
	GlobalSection(SolutionConfigurationPlatforms) = preSolution
		Debug|Any CPU = Debug|Any CPU
		Release|Any CPU = Release|Any CPU
	EndGlobalSection
	GlobalSection(ProjectConfigurationPlatforms) = postSolution
		{E71EBCB3-F5B9-4383-90FC-A6CF3EBEA4BE}.Debug|Any CPU.ActiveCfg = Debug|Any CPU
		{E71EBCB3-F5B9-4383-90FC-A6CF3EBEA4BE}.Debug|Any CPU.Build.0 = Debug|Any CPU
		{E71EBCB3-F5B9-4383-90FC-A6CF3EBEA4BE}.Release|Any CPU.ActiveCfg = Release|Any CPU
		{E71EBCB3-F5B9-4383-90FC-A6CF3EBEA4BE}.Release|Any CPU.Build.0 = Release|Any CPU
	EndGlobalSection
	GlobalSection(SolutionProperties) = preSolution
		HideSolutionNode = FALSE
	EndGlobalSection
	GlobalSection(ExtensibilityGlobals) = postSolution
		SolutionGuid = {47A81E83-7B62-404B-88B1-9BBDF0F5F580}
	EndGlobalSection
EndGlobal
